
Microsoft Visual Studio Solution File, Format Version 12.00
# Visual Studio 15
VisualStudioVersion = 15.0.28010.2036
MinimumVisualStudioVersion = 10.0.40219.1
Project("{FAE04EC0-301F-11D3-BF4B-00C04F79EFBC}") = "DB2Test", "DB2Test\DB2Test.csproj", "{2A4FFA41-CF3B-4636-BFA7-E264B6693E8C}"
EndProject
Global
	GlobalSection(SolutionConfigurationPlatforms) = preSolution
		Debug|Any CPU = Debug|Any CPU
		Release|Any CPU = Release|Any CPU
	EndGlobalSection
	GlobalSection(ProjectConfigurationPlatforms) = postSolution
		{2A4FFA41-CF3B-4636-BFA7-E264B6693E8C}.Debug|Any CPU.ActiveCfg = Debug|Any CPU
		{2A4FFA41-CF3B-4636-BFA7-E264B6693E8C}.Debug|Any CPU.Build.0 = Debug|Any CPU
		{2A4FFA41-CF3B-4636-BFA7-E264B6693E8C}.Release|Any CPU.ActiveCfg = Release|Any CPU
		{2A4FFA41-CF3B-4636-BFA7-E264B6693E8C}.Release|Any CPU.Build.0 = Release|Any CPU
	EndGlobalSection
	GlobalSection(SolutionProperties) = preSolution
		HideSolutionNode = FALSE
	EndGlobalSection
	GlobalSection(ExtensibilityGlobals) = postSolution
		SolutionGuid = {A3A535CF-8F14-4338-89EA-4DC02961F111}
	EndGlobalSection
EndGlobal
